
Microsoft Visual Studio Solution File, Format Version 12.00
# Visual Studio Version 17
VisualStudioVersion = 17.3.32825.248
MinimumVisualStudioVersion = 10.0.40219.1
Project("{FAE04EC0-301F-11D3-BF4B-00C04F79EFBC}") = "STEPÑ", "STEPÑ\STEPÑ.csproj", "{FA5E5828-3C94-4770-B89C-9EAB92D62F27}"
EndProject
Global
	GlobalSection(SolutionConfigurationPlatforms) = preSolution
		Debug|Any CPU = Debug|Any CPU
		Release|Any CPU = Release|Any CPU
	EndGlobalSection
	GlobalSection(ProjectConfigurationPlatforms) = postSolution
		{FA5E5828-3C94-4770-B89C-9EAB92D62F27}.Debug|Any CPU.ActiveCfg = Debug|Any CPU
		{FA5E5828-3C94-4770-B89C-9EAB92D62F27}.Debug|Any CPU.Build.0 = Debug|Any CPU
		{FA5E5828-3C94-4770-B89C-9EAB92D62F27}.Release|Any CPU.ActiveCfg = Release|Any CPU
		{FA5E5828-3C94-4770-B89C-9EAB92D62F27}.Release|Any CPU.Build.0 = Release|Any CPU
	EndGlobalSection
	GlobalSection(SolutionProperties) = preSolution
		HideSolutionNode = FALSE
	EndGlobalSection
	GlobalSection(ExtensibilityGlobals) = postSolution
		SolutionGuid = {F5624B86-ABD5-4378-A450-9A84F8E8A26F}
	EndGlobalSection
EndGlobal
